// !$*UTF8*$!
{
	archiveVersion = 1;
	classes = {
	};
	objectVersion = 56;
	objects = {

/* Begin PBXBuildFile section */
		1F7CCC1C2A03F04500C73867 /* AppDelegate.swift in Sources */ = {isa = PBXBuildFile; fileRef = 1F7CCC1B2A03F04500C73867 /* AppDelegate.swift */; };
		1F7CCC1E2A03F04500C73867 /* SceneDelegate.swift in Sources */ = {isa = PBXBuildFile; fileRef = 1F7CCC1D2A03F04500C73867 /* SceneDelegate.swift */; };
		1F7CCC202A03F04500C73867 /* ViewController.swift in Sources */ = {isa = PBXBuildFile; fileRef = 1F7CCC1F2A03F04500C73867 /* ViewController.swift */; };
		1F7CCC232A03F04500C73867 /* Main.storyboard in Resources */ = {isa = PBXBuildFile; fileRef = 1F7CCC212A03F04500C73867 /* Main.storyboard */; };
		1F7CCC252A03F04700C73867 /* Assets.xcassets in Resources */ = {isa = PBXBuildFile; fileRef = 1F7CCC242A03F04700C73867 /* Assets.xcassets */; };
		1F7CCC282A03F04700C73867 /* LaunchScreen.storyboard in Resources */ = {isa = PBXBuildFile; fileRef = 1F7CCC262A03F04700C73867 /* LaunchScreen.storyboard */; };
		1F7CCC312A03F0DB00C73867 /* SimulationInputViewController.swift in Sources */ = {isa = PBXBuildFile; fileRef = 1F7CCC302A03F0DB00C73867 /* SimulationInputViewController.swift */; };
		1F7CCC332A03F0E400C73867 /* SimulationInputView.swift in Sources */ = {isa = PBXBuildFile; fileRef = 1F7CCC322A03F0E400C73867 /* SimulationInputView.swift */; };
/* End PBXBuildFile section */

/* Begin PBXFileReference section */
		1F7CCC182A03F04500C73867 /* Infection Simulator.app */ = {isa = PBXFileReference; explicitFileType = wrapper.application; includeInIndex = 0; path = "Infection Simulator.app"; sourceTree = BUILT_PRODUCTS_DIR; };
		1F7CCC1B2A03F04500C73867 /* AppDelegate.swift */ = {isa = PBXFileReference; lastKnownFileType = sourcecode.swift; path = AppDelegate.swift; sourceTree = "<group>"; };
		1F7CCC1D2A03F04500C73867 /* SceneDelegate.swift */ = {isa = PBXFileReference; lastKnownFileType = sourcecode.swift; path = SceneDelegate.swift; sourceTree = "<group>"; };
		1F7CCC1F2A03F04500C73867 /* ViewController.swift */ = {isa = PBXFileReference; lastKnownFileType = sourcecode.swift; path = ViewController.swift; sourceTree = "<group>"; };
		1F7CCC222A03F04500C73867 /* Base */ = {isa = PBXFileReference; lastKnownFileType = file.storyboard; name = Base; path = Base.lproj/Main.storyboard; sourceTree = "<group>"; };
		1F7CCC242A03F04700C73867 /* Assets.xcassets */ = {isa = PBXFileReference; lastKnownFileType = folder.assetcatalog; path = Assets.xcassets; sourceTree = "<group>"; };
		1F7CCC272A03F04700C73867 /* Base */ = {isa = PBXFileReference; lastKnownFileType = file.storyboard; name = Base; path = Base.lproj/LaunchScreen.storyboard; sourceTree = "<group>"; };
		1F7CCC292A03F04700C73867 /* Info.plist */ = {isa = PBXFileReference; lastKnownFileType = text.plist.xml; path = Info.plist; sourceTree = "<group>"; };
		1F7CCC302A03F0DB00C73867 /* SimulationInputViewController.swift */ = {isa = PBXFileReference; lastKnownFileType = sourcecode.swift; path = SimulationInputViewController.swift; sourceTree = "<group>"; };
		1F7CCC322A03F0E400C73867 /* SimulationInputView.swift */ = {isa = PBXFileReference; lastKnownFileType = sourcecode.swift; path = SimulationInputView.swift; sourceTree = "<group>"; };
/* End PBXFileReference section */

/* Begin PBXFrameworksBuildPhase section */
		1F7CCC152A03F04500C73867 /* Frameworks */ = {
			isa = PBXFrameworksBuildPhase;
			buildActionMask = 2147483647;
			files = (
			);
			runOnlyForDeploymentPostprocessing = 0;
		};
/* End PBXFrameworksBuildPhase section */

/* Begin PBXGroup section */
		1F7CCC0F2A03F04500C73867 = {
			isa = PBXGroup;
			children = (
				1F7CCC1A2A03F04500C73867 /* Infection Simulator */,
				1F7CCC192A03F04500C73867 /* Products */,
			);
			sourceTree = "<group>";
		};
		1F7CCC192A03F04500C73867 /* Products */ = {
			isa = PBXGroup;
			children = (
				1F7CCC182A03F04500C73867 /* Infection Simulator.app */,
			);
			name = Products;
			sourceTree = "<group>";
		};
		1F7CCC1A2A03F04500C73867 /* Infection Simulator */ = {
			isa = PBXGroup;
			children = (
				1F7CCC2F2A03F08300C73867 /* SimulationInput */,
				1F7CCC1B2A03F04500C73867 /* AppDelegate.swift */,
				1F7CCC1F2A03F04500C73867 /* ViewController.swift */,
				1F7CCC1D2A03F04500C73867 /* SceneDelegate.swift */,
				1F7CCC212A03F04500C73867 /* Main.storyboard */,
				1F7CCC242A03F04700C73867 /* Assets.xcassets */,
				1F7CCC262A03F04700C73867 /* LaunchScreen.storyboard */,
				1F7CCC292A03F04700C73867 /* Info.plist */,
			);
			path = "Infection Simulator";
			sourceTree = "<group>";
		};
		1F7CCC2F2A03F08300C73867 /* SimulationInput */ = {
			isa = PBXGroup;
			children = (
				1F7CCC302A03F0DB00C73867 /* SimulationInputViewController.swift */,
				1F7CCC322A03F0E400C73867 /* SimulationInputView.swift */,
			);
			path = SimulationInput;
			sourceTree = "<group>";
		};
/* End PBXGroup section */

/* Begin PBXNativeTarget section */
		1F7CCC172A03F04500C73867 /* Infection Simulator */ = {
			isa = PBXNativeTarget;
			buildConfigurationList = 1F7CCC2C2A03F04700C73867 /* Build configuration list for PBXNativeTarget "Infection Simulator" */;
			buildPhases = (
				1F7CCC142A03F04500C73867 /* Sources */,
				1F7CCC152A03F04500C73867 /* Frameworks */,
				1F7CCC162A03F04500C73867 /* Resources */,
			);
			buildRules = (
			);
			dependencies = (
			);
			name = "Infection Simulator";
			productName = "Infection Simulator";
			productReference = 1F7CCC182A03F04500C73867 /* Infection Simulator.app */;
			productType = "com.apple.product-type.application";
		};
/* End PBXNativeTarget section */

/* Begin PBXProject section */
		1F7CCC102A03F04500C73867 /* Project object */ = {
			isa = PBXProject;
			attributes = {
				BuildIndependentTargetsInParallel = 1;
				LastSwiftUpdateCheck = 1420;
				LastUpgradeCheck = 1420;
				TargetAttributes = {
					1F7CCC172A03F04500C73867 = {
						CreatedOnToolsVersion = 14.2;
					};
				};
			};
			buildConfigurationList = 1F7CCC132A03F04500C73867 /* Build configuration list for PBXProject "Infection Simulator" */;
			compatibilityVersion = "Xcode 14.0";
			developmentRegion = en;
			hasScannedForEncodings = 0;
			knownRegions = (
				en,
				Base,
			);
			mainGroup = 1F7CCC0F2A03F04500C73867;
			productRefGroup = 1F7CCC192A03F04500C73867 /* Products */;
			projectDirPath = "";
			projectRoot = "";
			targets = (
				1F7CCC172A03F04500C73867 /* Infection Simulator */,
			);
		};
/* End PBXProject section */

/* Begin PBXResourcesBuildPhase section */
		1F7CCC162A03F04500C73867 /* Resources */ = {
			isa = PBXResourcesBuildPhase;
			buildActionMask = 2147483647;
			files = (
				1F7CCC282A03F04700C73867 /* LaunchScreen.storyboard in Resources */,
				1F7CCC252A03F04700C73867 /* Assets.xcassets in Resources */,
				1F7CCC232A03F04500C73867 /* Main.storyboard in Resources */,
			);
			runOnlyForDeploymentPostprocessing = 0;
		};
/* End PBXResourcesBuildPhase section */

/* Begin PBXSourcesBuildPhase section */
		1F7CCC142A03F04500C73867 /* Sources */ = {
			isa = PBXSourcesBuildPhase;
			buildActionMask = 2147483647;
			files = (
				1F7CCC202A03F04500C73867 /* ViewController.swift in Sources */,
				1F7CCC1C2A03F04500C73867 /* AppDelegate.swift in Sources */,
				1F7CCC312A03F0DB00C73867 /* SimulationInputViewController.swift in Sources */,
				1F7CCC1E2A03F04500C73867 /* SceneDelegate.swift in Sources */,
				1F7CCC332A03F0E400C73867 /* SimulationInputView.swift in Sources */,
			);
			runOnlyForDeploymentPostprocessing = 0;
		};
/* End PBXSourcesBuildPhase section */

/* Begin PBXVariantGroup section */
		1F7CCC212A03F04500C73867 /* Main.storyboard */ = {
			isa = PBXVariantGroup;
			children = (
				1F7CCC222A03F04500C73867 /* Base */,
			);
			name = Main.storyboard;
			sourceTree = "<group>";
		};
		1F7CCC262A03F04700C73867 /* LaunchScreen.storyboard */ = {
			isa = PBXVariantGroup;
			children = (
				1F7CCC272A03F04700C73867 /* Base */,
			);
			name = LaunchScreen.storyboard;
			sourceTree = "<group>";
		};
/* End PBXVariantGroup section */

/* Begin XCBuildConfiguration section */
		1F7CCC2A2A03F04700C73867 /* Debug */ = {
			isa = XCBuildConfiguration;
			buildSettings = {
				ALWAYS_SEARCH_USER_PATHS = NO;
				CLANG_ANALYZER_NONNULL = YES;
				CLANG_ANALYZER_NUMBER_OBJECT_CONVERSION = YES_AGGRESSIVE;
				CLANG_CXX_LANGUAGE_STANDARD = "gnu++20";
				CLANG_ENABLE_MODULES = YES;
				CLANG_ENABLE_OBJC_ARC = YES;
				CLANG_ENABLE_OBJC_WEAK = YES;
				CLANG_WARN_BLOCK_CAPTURE_AUTORELEASING = YES;
				CLANG_WARN_BOOL_CONVERSION = YES;
				CLANG_WARN_COMMA = YES;
				CLANG_WARN_CONSTANT_CONVERSION = YES;
				CLANG_WARN_DEPRECATED_OBJC_IMPLEMENTATIONS = YES;
				CLANG_WARN_DIRECT_OBJC_ISA_USAGE = YES_ERROR;
				CLANG_WARN_DOCUMENTATION_COMMENTS = YES;
				CLANG_WARN_EMPTY_BODY = YES;
				CLANG_WARN_ENUM_CONVERSION = YES;
				CLANG_WARN_INFINITE_RECURSION = YES;
				CLANG_WARN_INT_CONVERSION = YES;
				CLANG_WARN_NON_LITERAL_NULL_CONVERSION = YES;
				CLANG_WARN_OBJC_IMPLICIT_RETAIN_SELF = YES;
				CLANG_WARN_OBJC_LITERAL_CONVERSION = YES;
				CLANG_WARN_OBJC_ROOT_CLASS = YES_ERROR;
				CLANG_WARN_QUOTED_INCLUDE_IN_FRAMEWORK_HEADER = YES;
				CLANG_WARN_RANGE_LOOP_ANALYSIS = YES;
				CLANG_WARN_STRICT_PROTOTYPES = YES;
				CLANG_WARN_SUSPICIOUS_MOVE = YES;
				CLANG_WARN_UNGUARDED_AVAILABILITY = YES_AGGRESSIVE;
				CLANG_WARN_UNREACHABLE_CODE = YES;
				CLANG_WARN__DUPLICATE_METHOD_MATCH = YES;
				COPY_PHASE_STRIP = NO;
				DEBUG_INFORMATION_FORMAT = dwarf;
				ENABLE_STRICT_OBJC_MSGSEND = YES;
				ENABLE_TESTABILITY = YES;
				GCC_C_LANGUAGE_STANDARD = gnu11;
				GCC_DYNAMIC_NO_PIC = NO;
				GCC_NO_COMMON_BLOCKS = YES;
				GCC_OPTIMIZATION_LEVEL = 0;
				GCC_PREPROCESSOR_DEFINITIONS = (
					"DEBUG=1",
					"$(inherited)",
				);
				GCC_WARN_64_TO_32_BIT_CONVERSION = YES;
				GCC_WARN_ABOUT_RETURN_TYPE = YES_ERROR;
				GCC_WARN_UNDECLARED_SELECTOR = YES;
				GCC_WARN_UNINITIALIZED_AUTOS = YES_AGGRESSIVE;
				GCC_WARN_UNUSED_FUNCTION = YES;
				GCC_WARN_UNUSED_VARIABLE = YES;
				IPHONEOS_DEPLOYMENT_TARGET = 16.2;
				MTL_ENABLE_DEBUG_INFO = INCLUDE_SOURCE;
				MTL_FAST_MATH = YES;
				ONLY_ACTIVE_ARCH = YES;
				SDKROOT = iphoneos;
				SWIFT_ACTIVE_COMPILATION_CONDITIONS = DEBUG;
				SWIFT_OPTIMIZATION_LEVEL = "-Onone";
			};
			name = Debug;
		};
		1F7CCC2B2A03F04700C73867 /* Release */ = {
			isa = XCBuildConfiguration;
			buildSettings = {
				ALWAYS_SEARCH_USER_PATHS = NO;
				CLANG_ANALYZER_NONNULL = YES;
				CLANG_ANALYZER_NUMBER_OBJECT_CONVERSION = YES_AGGRESSIVE;
				CLANG_CXX_LANGUAGE_STANDARD = "gnu++20";
				CLANG_ENABLE_MODULES = YES;
				CLANG_ENABLE_OBJC_ARC = YES;
				CLANG_ENABLE_OBJC_WEAK = YES;
				CLANG_WARN_BLOCK_CAPTURE_AUTORELEASING = YES;
				CLANG_WARN_BOOL_CONVERSION = YES;
				CLANG_WARN_COMMA = YES;
				CLANG_WARN_CONSTANT_CONVERSION = YES;
				CLANG_WARN_DEPRECATED_OBJC_IMPLEMENTATIONS = YES;
				CLANG_WARN_DIRECT_OBJC_ISA_USAGE = YES_ERROR;
				CLANG_WARN_DOCUMENTATION_COMMENTS = YES;
				CLANG_WARN_EMPTY_BODY = YES;
				CLANG_WARN_ENUM_CONVERSION = YES;
				CLANG_WARN_INFINITE_RECURSION = YES;
				CLANG_WARN_INT_CONVERSION = YES;
				CLANG_WARN_NON_LITERAL_NULL_CONVERSION = YES;
				CLANG_WARN_OBJC_IMPLICIT_RETAIN_SELF = YES;
				CLANG_WARN_OBJC_LITERAL_CONVERSION = YES;
				CLANG_WARN_OBJC_ROOT_CLASS = YES_ERROR;
				CLANG_WARN_QUOTED_INCLUDE_IN_FRAMEWORK_HEADER = YES;
				CLANG_WARN_RANGE_LOOP_ANALYSIS = YES;
				CLANG_WARN_STRICT_PROTOTYPES = YES;
				CLANG_WARN_SUSPICIOUS_MOVE = YES;
				CLANG_WARN_UNGUARDED_AVAILABILITY = YES_AGGRESSIVE;
				CLANG_WARN_UNREACHABLE_CODE = YES;
				CLANG_WARN__DUPLICATE_METHOD_MATCH = YES;
				COPY_PHASE_STRIP = NO;
				DEBUG_INFORMATION_FORMAT = "dwarf-with-dsym";
				ENABLE_NS_ASSERTIONS = NO;
				ENABLE_STRICT_OBJC_MSGSEND = YES;
				GCC_C_LANGUAGE_STANDARD = gnu11;
				GCC_NO_COMMON_BLOCKS = YES;
				GCC_WARN_64_TO_32_BIT_CONVERSION = YES;
				GCC_WARN_ABOUT_RETURN_TYPE = YES_ERROR;
				GCC_WARN_UNDECLARED_SELECTOR = YES;
				GCC_WARN_UNINITIALIZED_AUTOS = YES_AGGRESSIVE;
				GCC_WARN_UNUSED_FUNCTION = YES;
				GCC_WARN_UNUSED_VARIABLE = YES;
				IPHONEOS_DEPLOYMENT_TARGET = 16.2;
				MTL_ENABLE_DEBUG_INFO = NO;
				MTL_FAST_MATH = YES;
				SDKROOT = iphoneos;
				SWIFT_COMPILATION_MODE = wholemodule;
				SWIFT_OPTIMIZATION_LEVEL = "-O";
				VALIDATE_PRODUCT = YES;
			};
			name = Release;
		};
		1F7CCC2D2A03F04700C73867 /* Debug */ = {
			isa = XCBuildConfiguration;
			buildSettings = {
				ASSETCATALOG_COMPILER_APPICON_NAME = AppIcon;
				ASSETCATALOG_COMPILER_GLOBAL_ACCENT_COLOR_NAME = AccentColor;
				CODE_SIGN_STYLE = Automatic;
				CURRENT_PROJECT_VERSION = 1;
				DEVELOPMENT_TEAM = 9HLRZXHR68;
				GENERATE_INFOPLIST_FILE = YES;
				INFOPLIST_FILE = "Infection Simulator/Info.plist";
				INFOPLIST_KEY_UIApplicationSupportsIndirectInputEvents = YES;
				INFOPLIST_KEY_UILaunchStoryboardName = LaunchScreen;
				INFOPLIST_KEY_UIMainStoryboardFile = Main;
				INFOPLIST_KEY_UISupportedInterfaceOrientations_iPad = "UIInterfaceOrientationPortrait UIInterfaceOrientationPortraitUpsideDown UIInterfaceOrientationLandscapeLeft UIInterfaceOrientationLandscapeRight";
				INFOPLIST_KEY_UISupportedInterfaceOrientations_iPhone = "UIInterfaceOrientationPortrait UIInterfaceOrientationLandscapeLeft UIInterfaceOrientationLandscapeRight";
				LD_RUNPATH_SEARCH_PATHS = (
					"$(inherited)",
					"@executable_path/Frameworks",
				);
				MARKETING_VERSION = 1.0;
				PRODUCT_BUNDLE_IDENTIFIER = "focus61.Infection-Simulator";
				PRODUCT_NAME = "$(TARGET_NAME)";
				SWIFT_EMIT_LOC_STRINGS = YES;
				SWIFT_VERSION = 5.0;
				TARGETED_DEVICE_FAMILY = "1,2";
			};
			name = Debug;
		};
		1F7CCC2E2A03F04700C73867 /* Release */ = {
			isa = XCBuildConfiguration;
			buildSettings = {
				ASSETCATALOG_COMPILER_APPICON_NAME = AppIcon;
				ASSETCATALOG_COMPILER_GLOBAL_ACCENT_COLOR_NAME = AccentColor;
				CODE_SIGN_STYLE = Automatic;
				CURRENT_PROJECT_VERSION = 1;
				DEVELOPMENT_TEAM = 9HLRZXHR68;
				GENERATE_INFOPLIST_FILE = YES;
				INFOPLIST_FILE = "Infection Simulator/Info.plist";
				INFOPLIST_KEY_UIApplicationSupportsIndirectInputEvents = YES;
				INFOPLIST_KEY_UILaunchStoryboardName = LaunchScreen;
				INFOPLIST_KEY_UIMainStoryboardFile = Main;
				INFOPLIST_KEY_UISupportedInterfaceOrientations_iPad = "UIInterfaceOrientationPortrait UIInterfaceOrientationPortraitUpsideDown UIInterfaceOrientationLandscapeLeft UIInterfaceOrientationLandscapeRight";
				INFOPLIST_KEY_UISupportedInterfaceOrientations_iPhone = "UIInterfaceOrientationPortrait UIInterfaceOrientationLandscapeLeft UIInterfaceOrientationLandscapeRight";
				LD_RUNPATH_SEARCH_PATHS = (
					"$(inherited)",
					"@executable_path/Frameworks",
				);
				MARKETING_VERSION = 1.0;
				PRODUCT_BUNDLE_IDENTIFIER = "focus61.Infection-Simulator";
				PRODUCT_NAME = "$(TARGET_NAME)";
				SWIFT_EMIT_LOC_STRINGS = YES;
				SWIFT_VERSION = 5.0;
				TARGETED_DEVICE_FAMILY = "1,2";
			};
			name = Release;
		};
/* End XCBuildConfiguration section */

/* Begin XCConfigurationList section */
		1F7CCC132A03F04500C73867 /* Build configuration list for PBXProject "Infection Simulator" */ = {
			isa = XCConfigurationList;
			buildConfigurations = (
				1F7CCC2A2A03F04700C73867 /* Debug */,
				1F7CCC2B2A03F04700C73867 /* Release */,
			);
			defaultConfigurationIsVisible = 0;
			defaultConfigurationName = Release;
		};
		1F7CCC2C2A03F04700C73867 /* Build configuration list for PBXNativeTarget "Infection Simulator" */ = {
			isa = XCConfigurationList;
			buildConfigurations = (
				1F7CCC2D2A03F04700C73867 /* Debug */,
				1F7CCC2E2A03F04700C73867 /* Release */,
			);
			defaultConfigurationIsVisible = 0;
			defaultConfigurationName = Release;
		};
/* End XCConfigurationList section */
	};
	rootObject = 1F7CCC102A03F04500C73867 /* Project object */;
}
